// !$*UTF8*$!
{
	archiveVersion = 1;
	classes = {
	};
	objectVersion = 52;
	objects = {

/* Begin PBXBuildFile section */
		B200A3AA1EF23244006CD542 /* Main.storyboard in Resources */ = {isa = PBXBuildFile; fileRef = B200A3AC1EF23244006CD542 /* Main.storyboard */; };
		B212510F20CD123900F36050 /* MacSymbolicatorTests.swift in Sources */ = {isa = PBXBuildFile; fileRef = B212510E20CD123900F36050 /* MacSymbolicatorTests.swift */; };
		B212511720CD125E00F36050 /* SymbolicatorTests.swift in Sources */ = {isa = PBXBuildFile; fileRef = B212511620CD125E00F36050 /* SymbolicatorTests.swift */; };
		B21CA7E81EFCB61500AD9B75 /* FileSearch.swift in Sources */ = {isa = PBXBuildFile; fileRef = B21CA7E71EFCB61500AD9B75 /* FileSearch.swift */; };
		B21EFA58289A981400CA69B1 /* CLI.swift in Sources */ = {isa = PBXBuildFile; fileRef = B21EFA57289A981400CA69B1 /* CLI.swift */; };
		B21EFA5C289A983200CA69B1 /* Symbolicator.swift in Sources */ = {isa = PBXBuildFile; fileRef = B25A35CC1EF9211F00F52E00 /* Symbolicator.swift */; };
		B21EFA5D289A983B00CA69B1 /* DSYMFile.swift in Sources */ = {isa = PBXBuildFile; fileRef = B2B74D8C1EF8E925000BBFD6 /* DSYMFile.swift */; };
		B21EFA5E289A983B00CA69B1 /* BinaryImage.swift in Sources */ = {isa = PBXBuildFile; fileRef = B23646862618178400AB9486 /* BinaryImage.swift */; };
		B21EFA5F289A983B00CA69B1 /* StackTraceCall.swift in Sources */ = {isa = PBXBuildFile; fileRef = B236468D2618214F00AB9486 /* StackTraceCall.swift */; };
		B21EFA60289A983B00CA69B1 /* Architecture.swift in Sources */ = {isa = PBXBuildFile; fileRef = B272E3C1235F26C500B33076 /* Architecture.swift */; };
		B21EFA61289A983B00CA69B1 /* CrashFile.swift in Sources */ = {isa = PBXBuildFile; fileRef = B2B74D901EF8F7B6000BBFD6 /* CrashFile.swift */; };
		B21EFA62289A983B00CA69B1 /* BinaryUUID.swift in Sources */ = {isa = PBXBuildFile; fileRef = B272E3C3235F2F6500B33076 /* BinaryUUID.swift */; };
		B21EFA63289A984000CA69B1 /* Translator.swift in Sources */ = {isa = PBXBuildFile; fileRef = B2421B842896E887008B59EB /* Translator.swift */; };
		B21EFA64289A986C00CA69B1 /* StringExtensions.swift in Sources */ = {isa = PBXBuildFile; fileRef = B2B74D8E1EF8E9CC000BBFD6 /* StringExtensions.swift */; };
		B21EFA67289A98AF00CA69B1 /* ArgumentParser in Frameworks */ = {isa = PBXBuildFile; productRef = B21EFA66289A98AF00CA69B1 /* ArgumentParser */; };
		B21EFA68289A98DA00CA69B1 /* LogController.swift in Sources */ = {isa = PBXBuildFile; fileRef = B26D624E232D497400DF1D1E /* LogController.swift */; };
		B21EFA6A289AAB6600CA69B1 /* ViewableLogController.swift in Sources */ = {isa = PBXBuildFile; fileRef = B21EFA69289AAB6600CA69B1 /* ViewableLogController.swift */; };
		B227F8CD263512E2004131A2 /* InputCoordinator.swift in Sources */ = {isa = PBXBuildFile; fileRef = B227F8CC263512E2004131A2 /* InputCoordinator.swift */; };
		B23646872618178400AB9486 /* BinaryImage.swift in Sources */ = {isa = PBXBuildFile; fileRef = B23646862618178400AB9486 /* BinaryImage.swift */; };
		B236468A261818B700AB9486 /* ScanningTests.swift in Sources */ = {isa = PBXBuildFile; fileRef = B2364689261818B700AB9486 /* ScanningTests.swift */; };
		B236468E2618214F00AB9486 /* StackTraceCall.swift in Sources */ = {isa = PBXBuildFile; fileRef = B236468D2618214F00AB9486 /* StackTraceCall.swift */; };
		B2421B852896E887008B59EB /* Translator.swift in Sources */ = {isa = PBXBuildFile; fileRef = B2421B842896E887008B59EB /* Translator.swift */; };
		B2421B8A2896F64D008B59EB /* Updates.swift in Sources */ = {isa = PBXBuildFile; fileRef = B2421B892896F64D008B59EB /* Updates.swift */; };
		B25A35CD1EF9211F00F52E00 /* Symbolicator.swift in Sources */ = {isa = PBXBuildFile; fileRef = B25A35CC1EF9211F00F52E00 /* Symbolicator.swift */; };
		B26D624F232D497400DF1D1E /* LogController.swift in Sources */ = {isa = PBXBuildFile; fileRef = B26D624E232D497400DF1D1E /* LogController.swift */; };
		B272E3C2235F26C500B33076 /* Architecture.swift in Sources */ = {isa = PBXBuildFile; fileRef = B272E3C1235F26C500B33076 /* Architecture.swift */; };
		B272E3C4235F2F6500B33076 /* BinaryUUID.swift in Sources */ = {isa = PBXBuildFile; fileRef = B272E3C3235F2F6500B33076 /* BinaryUUID.swift */; };
		B27931341EF2875E00DDAA7D /* DropZone.swift in Sources */ = {isa = PBXBuildFile; fileRef = B27931331EF2875E00DDAA7D /* DropZone.swift */; };
		B289E0A223F5F7350019C28B /* DSYMSearch.swift in Sources */ = {isa = PBXBuildFile; fileRef = B289E0A123F5F7350019C28B /* DSYMSearch.swift */; };
		B289E0A423F5F77C0019C28B /* SpotlightSearch.swift in Sources */ = {isa = PBXBuildFile; fileRef = B289E0A323F5F77C0019C28B /* SpotlightSearch.swift */; };
		B28D8B64260787F0008D8EBA /* Samples in Resources */ = {isa = PBXBuildFile; fileRef = B28D8B61260787F0008D8EBA /* Samples */; };
		B28D8B65260787F0008D8EBA /* dSYMs in Resources */ = {isa = PBXBuildFile; fileRef = B28D8B62260787F0008D8EBA /* dSYMs */; };
		B28D8B66260787F0008D8EBA /* Crashes in Resources */ = {isa = PBXBuildFile; fileRef = B28D8B63260787F0008D8EBA /* Crashes */; };
		B295FFB3232DDCE8002791BF /* TextWindowController.swift in Sources */ = {isa = PBXBuildFile; fileRef = B295FFB2232DDCE8002791BF /* TextWindowController.swift */; };
		B2B74D8B1EF8BF70000BBFD6 /* MainController.swift in Sources */ = {isa = PBXBuildFile; fileRef = B2B74D8A1EF8BF70000BBFD6 /* MainController.swift */; };
		B2B74D8D1EF8E925000BBFD6 /* DSYMFile.swift in Sources */ = {isa = PBXBuildFile; fileRef = B2B74D8C1EF8E925000BBFD6 /* DSYMFile.swift */; };
		B2B74D8F1EF8E9CC000BBFD6 /* StringExtensions.swift in Sources */ = {isa = PBXBuildFile; fileRef = B2B74D8E1EF8E9CC000BBFD6 /* StringExtensions.swift */; };
		B2B74D911EF8F7B6000BBFD6 /* CrashFile.swift in Sources */ = {isa = PBXBuildFile; fileRef = B2B74D901EF8F7B6000BBFD6 /* CrashFile.swift */; };
		B2BC4CB41EF22A6400B3189A /* CenteredWindow.swift in Sources */ = {isa = PBXBuildFile; fileRef = B2BC4CB31EF22A6400B3189A /* CenteredWindow.swift */; };
		B2C229231EF223C50015AB33 /* AppDelegate.swift in Sources */ = {isa = PBXBuildFile; fileRef = B2C229221EF223C50015AB33 /* AppDelegate.swift */; };
		B2C229271EF223C50015AB33 /* Assets.xcassets in Resources */ = {isa = PBXBuildFile; fileRef = B2C229261EF223C50015AB33 /* Assets.xcassets */; };
		B2C2ED8C289AC09900B7FA40 /* MacSymbolicatorCLI in CopyFiles */ = {isa = PBXBuildFile; fileRef = B21EFA55289A981400CA69B1 /* MacSymbolicatorCLI */; settings = {ATTRIBUTES = (CodeSignOnCopy, ); }; };
		B2EC0F4126450D0B00E5473C /* DSYMTests.swift in Sources */ = {isa = PBXBuildFile; fileRef = B2EC0F4026450D0B00E5473C /* DSYMTests.swift */; };
/* End PBXBuildFile section */

/* Begin PBXContainerItemProxy section */
		B212511120CD123900F36050 /* PBXContainerItemProxy */ = {
			isa = PBXContainerItemProxy;
			containerPortal = B2C229171EF223C40015AB33 /* Project object */;
			proxyType = 1;
			remoteGlobalIDString = B2C2291E1EF223C50015AB33;
			remoteInfo = MacSymbolicator;
		};
		B2C2ED8D289AC0A500B7FA40 /* PBXContainerItemProxy */ = {
			isa = PBXContainerItemProxy;
			containerPortal = B2C229171EF223C40015AB33 /* Project object */;
			proxyType = 1;
			remoteGlobalIDString = B21EFA54289A981400CA69B1;
			remoteInfo = MacSymbolicatorCLI;
		};
/* End PBXContainerItemProxy section */

/* Begin PBXCopyFilesBuildPhase section */
		B21EFA53289A981400CA69B1 /* CopyFiles */ = {
			isa = PBXCopyFilesBuildPhase;
			buildActionMask = 2147483647;
			dstPath = /usr/share/man/man1/;
			dstSubfolderSpec = 0;
			files = (
			);
			runOnlyForDeploymentPostprocessing = 1;
		};
		B2C2ED8B289ABFFF00B7FA40 /* CopyFiles */ = {
			isa = PBXCopyFilesBuildPhase;
			buildActionMask = 2147483647;
			dstPath = "";
			dstSubfolderSpec = 6;
			files = (
				B2C2ED8C289AC09900B7FA40 /* MacSymbolicatorCLI in CopyFiles */,
			);
			runOnlyForDeploymentPostprocessing = 0;
		};
/* End PBXCopyFilesBuildPhase section */

/* Begin PBXFileReference section */
		B200A3AB1EF23244006CD542 /* Base */ = {isa = PBXFileReference; lastKnownFileType = file.storyboard; name = Base; path = Base.lproj/Main.storyboard; sourceTree = "<group>"; };
		B212510C20CD123800F36050 /* MacSymbolicatorTests.xctest */ = {isa = PBXFileReference; explicitFileType = wrapper.cfbundle; includeInIndex = 0; path = MacSymbolicatorTests.xctest; sourceTree = BUILT_PRODUCTS_DIR; };
		B212510E20CD123900F36050 /* MacSymbolicatorTests.swift */ = {isa = PBXFileReference; lastKnownFileType = sourcecode.swift; path = MacSymbolicatorTests.swift; sourceTree = "<group>"; };
		B212511020CD123900F36050 /* Info.plist */ = {isa = PBXFileReference; lastKnownFileType = text.plist.xml; path = Info.plist; sourceTree = "<group>"; };
		B212511620CD125E00F36050 /* SymbolicatorTests.swift */ = {isa = PBXFileReference; lastKnownFileType = sourcecode.swift; path = SymbolicatorTests.swift; sourceTree = "<group>"; };
		B21CA7E71EFCB61500AD9B75 /* FileSearch.swift */ = {isa = PBXFileReference; lastKnownFileType = sourcecode.swift; path = FileSearch.swift; sourceTree = "<group>"; };
		B21EFA55289A981400CA69B1 /* MacSymbolicatorCLI */ = {isa = PBXFileReference; explicitFileType = "compiled.mach-o.executable"; includeInIndex = 0; path = MacSymbolicatorCLI; sourceTree = BUILT_PRODUCTS_DIR; };
		B21EFA57289A981400CA69B1 /* CLI.swift */ = {isa = PBXFileReference; lastKnownFileType = sourcecode.swift; path = CLI.swift; sourceTree = "<group>"; };
		B21EFA69289AAB6600CA69B1 /* ViewableLogController.swift */ = {isa = PBXFileReference; lastKnownFileType = sourcecode.swift; path = ViewableLogController.swift; sourceTree = "<group>"; };
		B227F8CC263512E2004131A2 /* InputCoordinator.swift */ = {isa = PBXFileReference; lastKnownFileType = sourcecode.swift; path = InputCoordinator.swift; sourceTree = "<group>"; };
		B23646862618178400AB9486 /* BinaryImage.swift */ = {isa = PBXFileReference; lastKnownFileType = sourcecode.swift; path = BinaryImage.swift; sourceTree = "<group>"; };
		B2364689261818B700AB9486 /* ScanningTests.swift */ = {isa = PBXFileReference; lastKnownFileType = sourcecode.swift; path = ScanningTests.swift; sourceTree = "<group>"; };
		B236468D2618214F00AB9486 /* StackTraceCall.swift */ = {isa = PBXFileReference; lastKnownFileType = sourcecode.swift; path = StackTraceCall.swift; sourceTree = "<group>"; };
		B2421B842896E887008B59EB /* Translator.swift */ = {isa = PBXFileReference; lastKnownFileType = sourcecode.swift; path = Translator.swift; sourceTree = "<group>"; };
		B2421B892896F64D008B59EB /* Updates.swift */ = {isa = PBXFileReference; lastKnownFileType = sourcecode.swift; path = Updates.swift; sourceTree = "<group>"; };
		B25A35CC1EF9211F00F52E00 /* Symbolicator.swift */ = {isa = PBXFileReference; lastKnownFileType = sourcecode.swift; path = Symbolicator.swift; sourceTree = "<group>"; };
		B26D624E232D497400DF1D1E /* LogController.swift */ = {isa = PBXFileReference; lastKnownFileType = sourcecode.swift; path = LogController.swift; sourceTree = "<group>"; };
		B272E3C1235F26C500B33076 /* Architecture.swift */ = {isa = PBXFileReference; lastKnownFileType = sourcecode.swift; path = Architecture.swift; sourceTree = "<group>"; };
		B272E3C3235F2F6500B33076 /* BinaryUUID.swift */ = {isa = PBXFileReference; lastKnownFileType = sourcecode.swift; path = BinaryUUID.swift; sourceTree = "<group>"; };
		B27931331EF2875E00DDAA7D /* DropZone.swift */ = {isa = PBXFileReference; lastKnownFileType = sourcecode.swift; path = DropZone.swift; sourceTree = "<group>"; };
		B289E0A123F5F7350019C28B /* DSYMSearch.swift */ = {isa = PBXFileReference; lastKnownFileType = sourcecode.swift; path = DSYMSearch.swift; sourceTree = "<group>"; };
		B289E0A323F5F77C0019C28B /* SpotlightSearch.swift */ = {isa = PBXFileReference; lastKnownFileType = sourcecode.swift; path = SpotlightSearch.swift; sourceTree = "<group>"; };
		B28D8B61260787F0008D8EBA /* Samples */ = {isa = PBXFileReference; lastKnownFileType = folder; path = Samples; sourceTree = "<group>"; };
		B28D8B62260787F0008D8EBA /* dSYMs */ = {isa = PBXFileReference; lastKnownFileType = folder; path = dSYMs; sourceTree = "<group>"; };
		B28D8B63260787F0008D8EBA /* Crashes */ = {isa = PBXFileReference; lastKnownFileType = folder; path = Crashes; sourceTree = "<group>"; };
		B295FFB2232DDCE8002791BF /* TextWindowController.swift */ = {isa = PBXFileReference; lastKnownFileType = sourcecode.swift; path = TextWindowController.swift; sourceTree = "<group>"; };
		B2B74D8A1EF8BF70000BBFD6 /* MainController.swift */ = {isa = PBXFileReference; lastKnownFileType = sourcecode.swift; path = MainController.swift; sourceTree = "<group>"; };
		B2B74D8C1EF8E925000BBFD6 /* DSYMFile.swift */ = {isa = PBXFileReference; lastKnownFileType = sourcecode.swift; path = DSYMFile.swift; sourceTree = "<group>"; };
		B2B74D8E1EF8E9CC000BBFD6 /* StringExtensions.swift */ = {isa = PBXFileReference; lastKnownFileType = sourcecode.swift; path = StringExtensions.swift; sourceTree = "<group>"; };
		B2B74D901EF8F7B6000BBFD6 /* CrashFile.swift */ = {isa = PBXFileReference; lastKnownFileType = sourcecode.swift; path = CrashFile.swift; sourceTree = "<group>"; };
		B2BC4CB31EF22A6400B3189A /* CenteredWindow.swift */ = {isa = PBXFileReference; lastKnownFileType = sourcecode.swift; path = CenteredWindow.swift; sourceTree = "<group>"; };
		B2C2291F1EF223C50015AB33 /* MacSymbolicator.app */ = {isa = PBXFileReference; explicitFileType = wrapper.application; includeInIndex = 0; path = MacSymbolicator.app; sourceTree = BUILT_PRODUCTS_DIR; };
		B2C229221EF223C50015AB33 /* AppDelegate.swift */ = {isa = PBXFileReference; lastKnownFileType = sourcecode.swift; path = AppDelegate.swift; sourceTree = "<group>"; };
		B2C229261EF223C50015AB33 /* Assets.xcassets */ = {isa = PBXFileReference; lastKnownFileType = folder.assetcatalog; path = Assets.xcassets; sourceTree = "<group>"; };
		B2C2292B1EF223C50015AB33 /* Info.plist */ = {isa = PBXFileReference; lastKnownFileType = text.plist.xml; path = Info.plist; sourceTree = "<group>"; };
		B2C2292C1EF223C50015AB33 /* MacSymbolicator.entitlements */ = {isa = PBXFileReference; lastKnownFileType = text.plist.entitlements; path = MacSymbolicator.entitlements; sourceTree = "<group>"; };
		B2EC0F4026450D0B00E5473C /* DSYMTests.swift */ = {isa = PBXFileReference; lastKnownFileType = sourcecode.swift; path = DSYMTests.swift; sourceTree = "<group>"; };
/* End PBXFileReference section */

/* Begin PBXFrameworksBuildPhase section */
		B212510920CD123800F36050 /* Frameworks */ = {
			isa = PBXFrameworksBuildPhase;
			buildActionMask = 2147483647;
			files = (
			);
			runOnlyForDeploymentPostprocessing = 0;
		};
		B21EFA52289A981400CA69B1 /* Frameworks */ = {
			isa = PBXFrameworksBuildPhase;
			buildActionMask = 2147483647;
			files = (
				B21EFA67289A98AF00CA69B1 /* ArgumentParser in Frameworks */,
			);
			runOnlyForDeploymentPostprocessing = 0;
		};
		B2C2291C1EF223C50015AB33 /* Frameworks */ = {
			isa = PBXFrameworksBuildPhase;
			buildActionMask = 2147483647;
			files = (
			);
			runOnlyForDeploymentPostprocessing = 0;
		};
/* End PBXFrameworksBuildPhase section */

/* Begin PBXGroup section */
		B212510D20CD123900F36050 /* MacSymbolicatorTests */ = {
			isa = PBXGroup;
			children = (
				B212510E20CD123900F36050 /* MacSymbolicatorTests.swift */,
				B212511620CD125E00F36050 /* SymbolicatorTests.swift */,
				B2364689261818B700AB9486 /* ScanningTests.swift */,
				B2EC0F4026450D0B00E5473C /* DSYMTests.swift */,
				B212511820CD12D600F36050 /* Resources */,
			);
			path = MacSymbolicatorTests;
			sourceTree = "<group>";
		};
		B212511820CD12D600F36050 /* Resources */ = {
			isa = PBXGroup;
			children = (
				B28D8B63260787F0008D8EBA /* Crashes */,
				B28D8B62260787F0008D8EBA /* dSYMs */,
				B28D8B61260787F0008D8EBA /* Samples */,
				B212511020CD123900F36050 /* Info.plist */,
			);
			path = Resources;
			sourceTree = "<group>";
		};
		B21EFA56289A981400CA69B1 /* MacSymbolicatorCLI */ = {
			isa = PBXGroup;
			children = (
				B21EFA57289A981400CA69B1 /* CLI.swift */,
			);
			path = MacSymbolicatorCLI;
			sourceTree = "<group>";
		};
		B27931321EF2872700DDAA7D /* Resources */ = {
			isa = PBXGroup;
			children = (
				B2C229261EF223C50015AB33 /* Assets.xcassets */,
				B2C2292B1EF223C50015AB33 /* Info.plist */,
				B2C2292C1EF223C50015AB33 /* MacSymbolicator.entitlements */,
				B200A3AC1EF23244006CD542 /* Main.storyboard */,
			);
			path = Resources;
			sourceTree = "<group>";
		};
		B289E0A023F5F72A0019C28B /* DSYM Search */ = {
			isa = PBXGroup;
			children = (
				B289E0A123F5F7350019C28B /* DSYMSearch.swift */,
				B289E0A323F5F77C0019C28B /* SpotlightSearch.swift */,
				B21CA7E71EFCB61500AD9B75 /* FileSearch.swift */,
			);
			path = "DSYM Search";
			sourceTree = "<group>";
		};
		B2B74D851EF775F0000BBFD6 /* Frameworks */ = {
			isa = PBXGroup;
			children = (
			);
			name = Frameworks;
			path = MacSymbolicator;
			sourceTree = "<group>";
		};
		B2B74D921EF910CB000BBFD6 /* Extensions */ = {
			isa = PBXGroup;
			children = (
				B2B74D8E1EF8E9CC000BBFD6 /* StringExtensions.swift */,
			);
			path = Extensions;
			sourceTree = "<group>";
		};
		B2B74D931EF910D6000BBFD6 /* Models */ = {
			isa = PBXGroup;
			children = (
				B272E3C1235F26C500B33076 /* Architecture.swift */,
				B272E3C3235F2F6500B33076 /* BinaryUUID.swift */,
				B2B74D8C1EF8E925000BBFD6 /* DSYMFile.swift */,
				B2B74D901EF8F7B6000BBFD6 /* CrashFile.swift */,
				B23646862618178400AB9486 /* BinaryImage.swift */,
				B236468D2618214F00AB9486 /* StackTraceCall.swift */,
			);
			path = Models;
			sourceTree = "<group>";
		};
		B2B74D941EF910E1000BBFD6 /* Views */ = {
			isa = PBXGroup;
			children = (
				B2BC4CB31EF22A6400B3189A /* CenteredWindow.swift */,
				B27931331EF2875E00DDAA7D /* DropZone.swift */,
			);
			path = Views;
			sourceTree = "<group>";
		};
		B2B74D951EF910EA000BBFD6 /* Controllers */ = {
			isa = PBXGroup;
			children = (
				B2C229221EF223C50015AB33 /* AppDelegate.swift */,
				B2421B892896F64D008B59EB /* Updates.swift */,
				B2B74D8A1EF8BF70000BBFD6 /* MainController.swift */,
				B227F8CC263512E2004131A2 /* InputCoordinator.swift */,
				B26D624E232D497400DF1D1E /* LogController.swift */,
				B21EFA69289AAB6600CA69B1 /* ViewableLogController.swift */,
				B295FFB2232DDCE8002791BF /* TextWindowController.swift */,
				B25A35CC1EF9211F00F52E00 /* Symbolicator.swift */,
				B2421B842896E887008B59EB /* Translator.swift */,
			);
			path = Controllers;
			sourceTree = "<group>";
		};
		B2C229161EF223C40015AB33 = {
			isa = PBXGroup;
			children = (
				B2C229211EF223C50015AB33 /* MacSymbolicator */,
				B212510D20CD123900F36050 /* MacSymbolicatorTests */,
				B21EFA56289A981400CA69B1 /* MacSymbolicatorCLI */,
				B2B74D851EF775F0000BBFD6 /* Frameworks */,
				B27931321EF2872700DDAA7D /* Resources */,
				B2C229201EF223C50015AB33 /* Products */,
			);
			sourceTree = "<group>";
		};
		B2C229201EF223C50015AB33 /* Products */ = {
			isa = PBXGroup;
			children = (
				B2C2291F1EF223C50015AB33 /* MacSymbolicator.app */,
				B212510C20CD123800F36050 /* MacSymbolicatorTests.xctest */,
				B21EFA55289A981400CA69B1 /* MacSymbolicatorCLI */,
			);
			name = Products;
			sourceTree = "<group>";
		};
		B2C229211EF223C50015AB33 /* MacSymbolicator */ = {
			isa = PBXGroup;
			children = (
				B2B74D951EF910EA000BBFD6 /* Controllers */,
				B289E0A023F5F72A0019C28B /* DSYM Search */,
				B2B74D941EF910E1000BBFD6 /* Views */,
				B2B74D931EF910D6000BBFD6 /* Models */,
				B2B74D921EF910CB000BBFD6 /* Extensions */,
			);
			path = MacSymbolicator;
			sourceTree = "<group>";
		};
/* End PBXGroup section */

/* Begin PBXNativeTarget section */
		B212510B20CD123800F36050 /* MacSymbolicatorTests */ = {
			isa = PBXNativeTarget;
			buildConfigurationList = B212511320CD123900F36050 /* Build configuration list for PBXNativeTarget "MacSymbolicatorTests" */;
			buildPhases = (
				B212510820CD123800F36050 /* Sources */,
				B212510920CD123800F36050 /* Frameworks */,
				B212510A20CD123800F36050 /* Resources */,
			);
			buildRules = (
			);
			dependencies = (
				B212511220CD123900F36050 /* PBXTargetDependency */,
			);
			name = MacSymbolicatorTests;
			productName = MacSymbolicatorTests;
			productReference = B212510C20CD123800F36050 /* MacSymbolicatorTests.xctest */;
			productType = "com.apple.product-type.bundle.unit-test";
		};
		B21EFA54289A981400CA69B1 /* MacSymbolicatorCLI */ = {
			isa = PBXNativeTarget;
			buildConfigurationList = B21EFA5B289A981400CA69B1 /* Build configuration list for PBXNativeTarget "MacSymbolicatorCLI" */;
			buildPhases = (
				B21EFA51289A981400CA69B1 /* Sources */,
				B21EFA52289A981400CA69B1 /* Frameworks */,
				B21EFA53289A981400CA69B1 /* CopyFiles */,
			);
			buildRules = (
			);
			dependencies = (
			);
			name = MacSymbolicatorCLI;
			packageProductDependencies = (
				B21EFA66289A98AF00CA69B1 /* ArgumentParser */,
			);
			productName = MacSymbolicatorCLI;
			productReference = B21EFA55289A981400CA69B1 /* MacSymbolicatorCLI */;
			productType = "com.apple.product-type.tool";
		};
		B2C2291E1EF223C50015AB33 /* MacSymbolicator */ = {
			isa = PBXNativeTarget;
			buildConfigurationList = B2C2292F1EF223C50015AB33 /* Build configuration list for PBXNativeTarget "MacSymbolicator" */;
			buildPhases = (
				B2C2291B1EF223C50015AB33 /* Sources */,
				B23E161420CD07FB0020DD37 /* ShellScript */,
				B2C2291C1EF223C50015AB33 /* Frameworks */,
				B2C2291D1EF223C50015AB33 /* Resources */,
				B2C2ED8B289ABFFF00B7FA40 /* CopyFiles */,
			);
			buildRules = (
			);
			dependencies = (
				B2C2ED8E289AC0A500B7FA40 /* PBXTargetDependency */,
			);
			name = MacSymbolicator;
			productName = MacSymbolicator;
			productReference = B2C2291F1EF223C50015AB33 /* MacSymbolicator.app */;
			productType = "com.apple.product-type.application";
		};
/* End PBXNativeTarget section */

/* Begin PBXProject section */
		B2C229171EF223C40015AB33 /* Project object */ = {
			isa = PBXProject;
			attributes = {
				LastSwiftUpdateCheck = 1320;
				LastUpgradeCheck = 1320;
				ORGANIZATIONNAME = "Mahdi Bchatnia";
				TargetAttributes = {
					B212510B20CD123800F36050 = {
						CreatedOnToolsVersion = 10.0;
						LastSwiftMigration = 1100;
						ProvisioningStyle = Automatic;
						TestTargetID = B2C2291E1EF223C50015AB33;
					};
					B21EFA54289A981400CA69B1 = {
						CreatedOnToolsVersion = 13.2;
					};
					B2C2291E1EF223C50015AB33 = {
						CreatedOnToolsVersion = 9.0;
						LastSwiftMigration = 1100;
						ProvisioningStyle = Automatic;
					};
				};
			};
			buildConfigurationList = B2C2291A1EF223C40015AB33 /* Build configuration list for PBXProject "MacSymbolicator" */;
			compatibilityVersion = "Xcode 8.0";
			developmentRegion = en;
			hasScannedForEncodings = 0;
			knownRegions = (
				en,
				Base,
			);
			mainGroup = B2C229161EF223C40015AB33;
			packageReferences = (
				B21EFA65289A98AF00CA69B1 /* XCRemoteSwiftPackageReference "swift-argument-parser" */,
			);
			productRefGroup = B2C229201EF223C50015AB33 /* Products */;
			projectDirPath = "";
			projectRoot = "";
			targets = (
				B2C2291E1EF223C50015AB33 /* MacSymbolicator */,
				B212510B20CD123800F36050 /* MacSymbolicatorTests */,
				B21EFA54289A981400CA69B1 /* MacSymbolicatorCLI */,
			);
		};
/* End PBXProject section */

/* Begin PBXResourcesBuildPhase section */
		B212510A20CD123800F36050 /* Resources */ = {
			isa = PBXResourcesBuildPhase;
			buildActionMask = 2147483647;
			files = (
				B28D8B66260787F0008D8EBA /* Crashes in Resources */,
				B28D8B64260787F0008D8EBA /* Samples in Resources */,
				B28D8B65260787F0008D8EBA /* dSYMs in Resources */,
			);
			runOnlyForDeploymentPostprocessing = 0;
		};
		B2C2291D1EF223C50015AB33 /* Resources */ = {
			isa = PBXResourcesBuildPhase;
			buildActionMask = 2147483647;
			files = (
				B2C229271EF223C50015AB33 /* Assets.xcassets in Resources */,
				B200A3AA1EF23244006CD542 /* Main.storyboard in Resources */,
			);
			runOnlyForDeploymentPostprocessing = 0;
		};
/* End PBXResourcesBuildPhase section */

/* Begin PBXShellScriptBuildPhase section */
		B23E161420CD07FB0020DD37 /* ShellScript */ = {
			isa = PBXShellScriptBuildPhase;
			buildActionMask = 2147483647;
			files = (
			);
			inputFileListPaths = (
			);
			inputPaths = (
			);
			outputFileListPaths = (
			);
			outputPaths = (
			);
			runOnlyForDeploymentPostprocessing = 0;
			shellPath = /bin/sh;
			shellScript = "export PATH=\"$PATH:/opt/homebrew/bin\"\nif which swiftlint >/dev/null; then\nswiftlint\nelse\necho \"warning: SwiftLint not installed, download from https://github.com/realm/SwiftLint\"\nfi\n";
		};
/* End PBXShellScriptBuildPhase section */

/* Begin PBXSourcesBuildPhase section */
		B212510820CD123800F36050 /* Sources */ = {
			isa = PBXSourcesBuildPhase;
			buildActionMask = 2147483647;
			files = (
				B212510F20CD123900F36050 /* MacSymbolicatorTests.swift in Sources */,
				B236468A261818B700AB9486 /* ScanningTests.swift in Sources */,
				B2EC0F4126450D0B00E5473C /* DSYMTests.swift in Sources */,
				B212511720CD125E00F36050 /* SymbolicatorTests.swift in Sources */,
			);
			runOnlyForDeploymentPostprocessing = 0;
		};
		B21EFA51289A981400CA69B1 /* Sources */ = {
			isa = PBXSourcesBuildPhase;
			buildActionMask = 2147483647;
			files = (
				B21EFA5E289A983B00CA69B1 /* BinaryImage.swift in Sources */,
				B21EFA58289A981400CA69B1 /* CLI.swift in Sources */,
				B21EFA64289A986C00CA69B1 /* StringExtensions.swift in Sources */,
				B21EFA68289A98DA00CA69B1 /* LogController.swift in Sources */,
				B21EFA5F289A983B00CA69B1 /* StackTraceCall.swift in Sources */,
				B21EFA5C289A983200CA69B1 /* Symbolicator.swift in Sources */,
				B21EFA63289A984000CA69B1 /* Translator.swift in Sources */,
				B21EFA60289A983B00CA69B1 /* Architecture.swift in Sources */,
				B21EFA5D289A983B00CA69B1 /* DSYMFile.swift in Sources */,
				B21EFA61289A983B00CA69B1 /* CrashFile.swift in Sources */,
				B21EFA62289A983B00CA69B1 /* BinaryUUID.swift in Sources */,
			);
			runOnlyForDeploymentPostprocessing = 0;
		};
		B2C2291B1EF223C50015AB33 /* Sources */ = {
			isa = PBXSourcesBuildPhase;
			buildActionMask = 2147483647;
			files = (
				B2B74D8F1EF8E9CC000BBFD6 /* StringExtensions.swift in Sources */,
				B2B74D8D1EF8E925000BBFD6 /* DSYMFile.swift in Sources */,
				B2B74D8B1EF8BF70000BBFD6 /* MainController.swift in Sources */,
				B295FFB3232DDCE8002791BF /* TextWindowController.swift in Sources */,
				B23646872618178400AB9486 /* BinaryImage.swift in Sources */,
				B2421B8A2896F64D008B59EB /* Updates.swift in Sources */,
				B272E3C2235F26C500B33076 /* Architecture.swift in Sources */,
				B272E3C4235F2F6500B33076 /* BinaryUUID.swift in Sources */,
				B2421B852896E887008B59EB /* Translator.swift in Sources */,
				B21EFA6A289AAB6600CA69B1 /* ViewableLogController.swift in Sources */,
				B2BC4CB41EF22A6400B3189A /* CenteredWindow.swift in Sources */,
				B26D624F232D497400DF1D1E /* LogController.swift in Sources */,
				B227F8CD263512E2004131A2 /* InputCoordinator.swift in Sources */,
				B236468E2618214F00AB9486 /* StackTraceCall.swift in Sources */,
				B27931341EF2875E00DDAA7D /* DropZone.swift in Sources */,
				B25A35CD1EF9211F00F52E00 /* Symbolicator.swift in Sources */,
				B21CA7E81EFCB61500AD9B75 /* FileSearch.swift in Sources */,
				B2C229231EF223C50015AB33 /* AppDelegate.swift in Sources */,
				B289E0A223F5F7350019C28B /* DSYMSearch.swift in Sources */,
				B289E0A423F5F77C0019C28B /* SpotlightSearch.swift in Sources */,
				B2B74D911EF8F7B6000BBFD6 /* CrashFile.swift in Sources */,
			);
			runOnlyForDeploymentPostprocessing = 0;
		};
/* End PBXSourcesBuildPhase section */

/* Begin PBXTargetDependency section */
		B212511220CD123900F36050 /* PBXTargetDependency */ = {
			isa = PBXTargetDependency;
			target = B2C2291E1EF223C50015AB33 /* MacSymbolicator */;
			targetProxy = B212511120CD123900F36050 /* PBXContainerItemProxy */;
		};
		B2C2ED8E289AC0A500B7FA40 /* PBXTargetDependency */ = {
			isa = PBXTargetDependency;
			target = B21EFA54289A981400CA69B1 /* MacSymbolicatorCLI */;
			targetProxy = B2C2ED8D289AC0A500B7FA40 /* PBXContainerItemProxy */;
		};
/* End PBXTargetDependency section */

/* Begin PBXVariantGroup section */
		B200A3AC1EF23244006CD542 /* Main.storyboard */ = {
			isa = PBXVariantGroup;
			children = (
				B200A3AB1EF23244006CD542 /* Base */,
			);
			name = Main.storyboard;
			sourceTree = "<group>";
		};
/* End PBXVariantGroup section */

/* Begin XCBuildConfiguration section */
		B212511420CD123900F36050 /* Debug */ = {
			isa = XCBuildConfiguration;
			buildSettings = {
				BUNDLE_LOADER = "$(TEST_HOST)";
				CLANG_ENABLE_OBJC_WEAK = YES;
				CODE_SIGN_IDENTITY = "Mac Developer";
				CODE_SIGN_STYLE = Automatic;
				COMBINE_HIDPI_IMAGES = YES;
				COPY_PHASE_STRIP = NO;
				DEVELOPMENT_TEAM = PP5UYHJQCD;
				INFOPLIST_FILE = MacSymbolicatorTests/Resources/Info.plist;
				LD_RUNPATH_SEARCH_PATHS = (
					"$(inherited)",
					"@executable_path/../Frameworks",
					"@loader_path/../Frameworks",
				);
				MACOSX_DEPLOYMENT_TARGET = 10.14;
				MTL_ENABLE_DEBUG_INFO = INCLUDE_SOURCE;
				PRODUCT_BUNDLE_IDENTIFIER = jp.mahdi.MacSymbolicatorTests;
				PRODUCT_NAME = "$(TARGET_NAME)";
				SWIFT_VERSION = 5.0;
				TEST_HOST = "$(BUILT_PRODUCTS_DIR)/MacSymbolicator.app/Contents/MacOS/MacSymbolicator";
			};
			name = Debug;
		};
		B212511520CD123900F36050 /* Release */ = {
			isa = XCBuildConfiguration;
			buildSettings = {
				BUNDLE_LOADER = "$(TEST_HOST)";
				CLANG_ENABLE_OBJC_WEAK = YES;
				CODE_SIGN_IDENTITY = "Mac Developer";
				CODE_SIGN_STYLE = Automatic;
				COMBINE_HIDPI_IMAGES = YES;
				COPY_PHASE_STRIP = NO;
				DEVELOPMENT_TEAM = PP5UYHJQCD;
				INFOPLIST_FILE = MacSymbolicatorTests/Resources/Info.plist;
				LD_RUNPATH_SEARCH_PATHS = (
					"$(inherited)",
					"@executable_path/../Frameworks",
					"@loader_path/../Frameworks",
				);
				MACOSX_DEPLOYMENT_TARGET = 10.14;
				PRODUCT_BUNDLE_IDENTIFIER = jp.mahdi.MacSymbolicatorTests;
				PRODUCT_NAME = "$(TARGET_NAME)";
				SWIFT_VERSION = 5.0;
				TEST_HOST = "$(BUILT_PRODUCTS_DIR)/MacSymbolicator.app/Contents/MacOS/MacSymbolicator";
			};
			name = Release;
		};
		B21EFA59289A981400CA69B1 /* Debug */ = {
			isa = XCBuildConfiguration;
			buildSettings = {
				CLANG_CXX_LANGUAGE_STANDARD = "gnu++17";
				CLANG_ENABLE_OBJC_WEAK = YES;
				CODE_SIGN_IDENTITY = "-";
				CODE_SIGN_STYLE = Automatic;
				COPY_PHASE_STRIP = NO;
				DEVELOPMENT_TEAM = PP5UYHJQCD;
				ENABLE_HARDENED_RUNTIME = YES;
				MACOSX_DEPLOYMENT_TARGET = 12.1;
				MTL_ENABLE_DEBUG_INFO = INCLUDE_SOURCE;
				MTL_FAST_MATH = YES;
				PRODUCT_NAME = "$(TARGET_NAME)";
				SWIFT_VERSION = 5.0;
			};
			name = Debug;
		};
		B21EFA5A289A981400CA69B1 /* Release */ = {
			isa = XCBuildConfiguration;
			buildSettings = {
				CLANG_CXX_LANGUAGE_STANDARD = "gnu++17";
				CLANG_ENABLE_OBJC_WEAK = YES;
				CODE_SIGN_IDENTITY = "-";
				CODE_SIGN_STYLE = Automatic;
				COPY_PHASE_STRIP = NO;
				DEVELOPMENT_TEAM = PP5UYHJQCD;
				ENABLE_HARDENED_RUNTIME = YES;
				MACOSX_DEPLOYMENT_TARGET = 12.1;
				MTL_FAST_MATH = YES;
				PRODUCT_NAME = "$(TARGET_NAME)";
				SWIFT_VERSION = 5.0;
			};
			name = Release;
		};
		B2C2292D1EF223C50015AB33 /* Debug */ = {
			isa = XCBuildConfiguration;
			buildSettings = {
				ALWAYS_SEARCH_USER_PATHS = NO;
				CLANG_ANALYZER_NONNULL = YES;
				CLANG_ANALYZER_NUMBER_OBJECT_CONVERSION = YES_AGGRESSIVE;
				CLANG_CXX_LANGUAGE_STANDARD = "gnu++14";
				CLANG_CXX_LIBRARY = "libc++";
				CLANG_ENABLE_MODULES = YES;
				CLANG_ENABLE_OBJC_ARC = YES;
				CLANG_WARN_BLOCK_CAPTURE_AUTORELEASING = YES;
				CLANG_WARN_BOOL_CONVERSION = YES;
				CLANG_WARN_COMMA = YES;
				CLANG_WARN_CONSTANT_CONVERSION = YES;
				CLANG_WARN_DEPRECATED_OBJC_IMPLEMENTATIONS = YES;
				CLANG_WARN_DIRECT_OBJC_ISA_USAGE = YES_ERROR;
				CLANG_WARN_DOCUMENTATION_COMMENTS = YES;
				CLANG_WARN_EMPTY_BODY = YES;
				CLANG_WARN_ENUM_CONVERSION = YES;
				CLANG_WARN_INFINITE_RECURSION = YES;
				CLANG_WARN_INT_CONVERSION = YES;
				CLANG_WARN_NON_LITERAL_NULL_CONVERSION = YES;
				CLANG_WARN_OBJC_IMPLICIT_RETAIN_SELF = YES;
				CLANG_WARN_OBJC_LITERAL_CONVERSION = YES;
				CLANG_WARN_OBJC_ROOT_CLASS = YES_ERROR;
				CLANG_WARN_QUOTED_INCLUDE_IN_FRAMEWORK_HEADER = YES;
				CLANG_WARN_RANGE_LOOP_ANALYSIS = YES;
				CLANG_WARN_STRICT_PROTOTYPES = YES;
				CLANG_WARN_SUSPICIOUS_MOVE = YES;
				CLANG_WARN_UNGUARDED_AVAILABILITY = YES_AGGRESSIVE;
				CLANG_WARN_UNREACHABLE_CODE = YES;
				CLANG_WARN__DUPLICATE_METHOD_MATCH = YES;
				CODE_SIGN_IDENTITY = "-";
				DEBUG_INFORMATION_FORMAT = dwarf;
				ENABLE_STRICT_OBJC_MSGSEND = YES;
				ENABLE_TESTABILITY = YES;
				GCC_C_LANGUAGE_STANDARD = gnu11;
				GCC_DYNAMIC_NO_PIC = NO;
				GCC_NO_COMMON_BLOCKS = YES;
				GCC_OPTIMIZATION_LEVEL = 0;
				GCC_PREPROCESSOR_DEFINITIONS = (
					"DEBUG=1",
					"$(inherited)",
				);
				GCC_WARN_64_TO_32_BIT_CONVERSION = YES;
				GCC_WARN_ABOUT_RETURN_TYPE = YES_ERROR;
				GCC_WARN_UNDECLARED_SELECTOR = YES;
				GCC_WARN_UNINITIALIZED_AUTOS = YES_AGGRESSIVE;
				GCC_WARN_UNUSED_FUNCTION = YES;
				GCC_WARN_UNUSED_VARIABLE = YES;
				MACOSX_DEPLOYMENT_TARGET = 10.14;
				MTL_ENABLE_DEBUG_INFO = YES;
				ONLY_ACTIVE_ARCH = YES;
				SDKROOT = macosx;
				SWIFT_ACTIVE_COMPILATION_CONDITIONS = DEBUG;
				SWIFT_OPTIMIZATION_LEVEL = "-Onone";
			};
			name = Debug;
		};
		B2C2292E1EF223C50015AB33 /* Release */ = {
			isa = XCBuildConfiguration;
			buildSettings = {
				ALWAYS_SEARCH_USER_PATHS = NO;
				CLANG_ANALYZER_NONNULL = YES;
				CLANG_ANALYZER_NUMBER_OBJECT_CONVERSION = YES_AGGRESSIVE;
				CLANG_CXX_LANGUAGE_STANDARD = "gnu++14";
				CLANG_CXX_LIBRARY = "libc++";
				CLANG_ENABLE_MODULES = YES;
				CLANG_ENABLE_OBJC_ARC = YES;
				CLANG_WARN_BLOCK_CAPTURE_AUTORELEASING = YES;
				CLANG_WARN_BOOL_CONVERSION = YES;
				CLANG_WARN_COMMA = YES;
				CLANG_WARN_CONSTANT_CONVERSION = YES;
				CLANG_WARN_DEPRECATED_OBJC_IMPLEMENTATIONS = YES;
				CLANG_WARN_DIRECT_OBJC_ISA_USAGE = YES_ERROR;
				CLANG_WARN_DOCUMENTATION_COMMENTS = YES;
				CLANG_WARN_EMPTY_BODY = YES;
				CLANG_WARN_ENUM_CONVERSION = YES;
				CLANG_WARN_INFINITE_RECURSION = YES;
				CLANG_WARN_INT_CONVERSION = YES;
				CLANG_WARN_NON_LITERAL_NULL_CONVERSION = YES;
				CLANG_WARN_OBJC_IMPLICIT_RETAIN_SELF = YES;
				CLANG_WARN_OBJC_LITERAL_CONVERSION = YES;
				CLANG_WARN_OBJC_ROOT_CLASS = YES_ERROR;
				CLANG_WARN_QUOTED_INCLUDE_IN_FRAMEWORK_HEADER = YES;
				CLANG_WARN_RANGE_LOOP_ANALYSIS = YES;
				CLANG_WARN_STRICT_PROTOTYPES = YES;
				CLANG_WARN_SUSPICIOUS_MOVE = YES;
				CLANG_WARN_UNGUARDED_AVAILABILITY = YES_AGGRESSIVE;
				CLANG_WARN_UNREACHABLE_CODE = YES;
				CLANG_WARN__DUPLICATE_METHOD_MATCH = YES;
				CODE_SIGN_IDENTITY = "-";
				DEBUG_INFORMATION_FORMAT = "dwarf-with-dsym";
				ENABLE_NS_ASSERTIONS = NO;
				ENABLE_STRICT_OBJC_MSGSEND = YES;
				GCC_C_LANGUAGE_STANDARD = gnu11;
				GCC_NO_COMMON_BLOCKS = YES;
				GCC_WARN_64_TO_32_BIT_CONVERSION = YES;
				GCC_WARN_ABOUT_RETURN_TYPE = YES_ERROR;
				GCC_WARN_UNDECLARED_SELECTOR = YES;
				GCC_WARN_UNINITIALIZED_AUTOS = YES_AGGRESSIVE;
				GCC_WARN_UNUSED_FUNCTION = YES;
				GCC_WARN_UNUSED_VARIABLE = YES;
				MACOSX_DEPLOYMENT_TARGET = 10.14;
				MTL_ENABLE_DEBUG_INFO = NO;
				SDKROOT = macosx;
				SWIFT_COMPILATION_MODE = wholemodule;
				SWIFT_OPTIMIZATION_LEVEL = "-O";
			};
			name = Release;
		};
		B2C229301EF223C50015AB33 /* Debug */ = {
			isa = XCBuildConfiguration;
			buildSettings = {
				ASSETCATALOG_COMPILER_APPICON_NAME = AppIcon;
				CODE_SIGN_ENTITLEMENTS = Resources/MacSymbolicator.entitlements;
				CODE_SIGN_IDENTITY = "Apple Development";
				CODE_SIGN_STYLE = Automatic;
				COMBINE_HIDPI_IMAGES = YES;
				COPY_PHASE_STRIP = NO;
				CURRENT_PROJECT_VERSION = 5;
				DEVELOPMENT_TEAM = PP5UYHJQCD;
				ENABLE_HARDENED_RUNTIME = YES;
				INFOPLIST_FILE = Resources/Info.plist;
				LD_RUNPATH_SEARCH_PATHS = (
					"$(inherited)",
					"@executable_path/../Frameworks",
				);
				MARKETING_VERSION = 2.3;
				PRODUCT_BUNDLE_IDENTIFIER = jp.mahdi.MacSymbolicator;
				PRODUCT_NAME = "$(TARGET_NAME)";
				PROVISIONING_PROFILE_SPECIFIER = "";
				SWIFT_VERSION = 5.0;
			};
			name = Debug;
		};
		B2C229311EF223C50015AB33 /* Release */ = {
			isa = XCBuildConfiguration;
			buildSettings = {
				ASSETCATALOG_COMPILER_APPICON_NAME = AppIcon;
				CODE_SIGN_ENTITLEMENTS = Resources/MacSymbolicator.entitlements;
				CODE_SIGN_IDENTITY = "Apple Development";
				CODE_SIGN_STYLE = Automatic;
				COMBINE_HIDPI_IMAGES = YES;
				COPY_PHASE_STRIP = NO;
				CURRENT_PROJECT_VERSION = 5;
				DEVELOPMENT_TEAM = PP5UYHJQCD;
				ENABLE_HARDENED_RUNTIME = YES;
				INFOPLIST_FILE = Resources/Info.plist;
				LD_RUNPATH_SEARCH_PATHS = (
					"$(inherited)",
					"@executable_path/../Frameworks",
				);
				MARKETING_VERSION = 2.3;
				PRODUCT_BUNDLE_IDENTIFIER = jp.mahdi.MacSymbolicator;
				PRODUCT_NAME = "$(TARGET_NAME)";
				PROVISIONING_PROFILE_SPECIFIER = "";
				SWIFT_VERSION = 5.0;
			};
			name = Release;
		};
/* End XCBuildConfiguration section */

/* Begin XCConfigurationList section */
		B212511320CD123900F36050 /* Build configuration list for PBXNativeTarget "MacSymbolicatorTests" */ = {
			isa = XCConfigurationList;
			buildConfigurations = (
				B212511420CD123900F36050 /* Debug */,
				B212511520CD123900F36050 /* Release */,
			);
			defaultConfigurationIsVisible = 0;
			defaultConfigurationName = Release;
		};
		B21EFA5B289A981400CA69B1 /* Build configuration list for PBXNativeTarget "MacSymbolicatorCLI" */ = {
			isa = XCConfigurationList;
			buildConfigurations = (
				B21EFA59289A981400CA69B1 /* Debug */,
				B21EFA5A289A981400CA69B1 /* Release */,
			);
			defaultConfigurationIsVisible = 0;
			defaultConfigurationName = Release;
		};
		B2C2291A1EF223C40015AB33 /* Build configuration list for PBXProject "MacSymbolicator" */ = {
			isa = XCConfigurationList;
			buildConfigurations = (
				B2C2292D1EF223C50015AB33 /* Debug */,
				B2C2292E1EF223C50015AB33 /* Release */,
			);
			defaultConfigurationIsVisible = 0;
			defaultConfigurationName = Release;
		};
		B2C2292F1EF223C50015AB33 /* Build configuration list for PBXNativeTarget "MacSymbolicator" */ = {
			isa = XCConfigurationList;
			buildConfigurations = (
				B2C229301EF223C50015AB33 /* Debug */,
				B2C229311EF223C50015AB33 /* Release */,
			);
			defaultConfigurationIsVisible = 0;
			defaultConfigurationName = Release;
		};
/* End XCConfigurationList section */

/* Begin XCRemoteSwiftPackageReference section */
		B21EFA65289A98AF00CA69B1 /* XCRemoteSwiftPackageReference "swift-argument-parser" */ = {
			isa = XCRemoteSwiftPackageReference;
			repositoryURL = "https://github.com/apple/swift-argument-parser.git";
			requirement = {
				kind = upToNextMajorVersion;
				minimumVersion = 0.4.3;
			};
		};
/* End XCRemoteSwiftPackageReference section */

/* Begin XCSwiftPackageProductDependency section */
		B21EFA66289A98AF00CA69B1 /* ArgumentParser */ = {
			isa = XCSwiftPackageProductDependency;
			package = B21EFA65289A98AF00CA69B1 /* XCRemoteSwiftPackageReference "swift-argument-parser" */;
			productName = ArgumentParser;
		};
/* End XCSwiftPackageProductDependency section */
	};
	rootObject = B2C229171EF223C40015AB33 /* Project object */;
}
